
Microsoft Visual Studio Solution File, Format Version 12.00
# Visual Studio Version 16
VisualStudioVersion = 16.0.30320.27
MinimumVisualStudioVersion = 10.0.40219.1
Project("{FAE04EC0-301F-11D3-BF4B-00C04F79EFBC}") = "KGETech", "KGETech\KGETech.csproj", "{E84AE7B6-0CD3-423E-9F2A-D9C0D6A99A74}"
EndProject
Global
	GlobalSection(SolutionConfigurationPlatforms) = preSolution
		Debug|Any CPU = Debug|Any CPU
		Release|Any CPU = Release|Any CPU
	EndGlobalSection
	GlobalSection(ProjectConfigurationPlatforms) = postSolution
		{E84AE7B6-0CD3-423E-9F2A-D9C0D6A99A74}.Debug|Any CPU.ActiveCfg = Debug|Any CPU
		{E84AE7B6-0CD3-423E-9F2A-D9C0D6A99A74}.Debug|Any CPU.Build.0 = Debug|Any CPU
		{E84AE7B6-0CD3-423E-9F2A-D9C0D6A99A74}.Release|Any CPU.ActiveCfg = Release|Any CPU
		{E84AE7B6-0CD3-423E-9F2A-D9C0D6A99A74}.Release|Any CPU.Build.0 = Release|Any CPU
	EndGlobalSection
	GlobalSection(SolutionProperties) = preSolution
		HideSolutionNode = FALSE
	EndGlobalSection
	GlobalSection(ExtensibilityGlobals) = postSolution
		SolutionGuid = {1C707AE7-D330-4747-9574-1F5DFBE4C4A3}
	EndGlobalSection
EndGlobal
